// !$*UTF8*$!
{
	archiveVersion = 1;
	classes = {
	};
	objectVersion = 51;
	objects = {

/* Begin PBXBuildFile section */
		B20101C223C8428E0083B675 /* AppDelegate.swift in Sources */ = {isa = PBXBuildFile; fileRef = B20101C123C8428E0083B675 /* AppDelegate.swift */; };
		B20101C423C8428E0083B675 /* SceneDelegate.swift in Sources */ = {isa = PBXBuildFile; fileRef = B20101C323C8428E0083B675 /* SceneDelegate.swift */; };
		B20101C623C8428E0083B675 /* ContentView.swift in Sources */ = {isa = PBXBuildFile; fileRef = B20101C523C8428E0083B675 /* ContentView.swift */; };
		B20101C823C842900083B675 /* Assets.xcassets in Resources */ = {isa = PBXBuildFile; fileRef = B20101C723C842900083B675 /* Assets.xcassets */; };
		B20101CB23C842900083B675 /* Preview Assets.xcassets in Resources */ = {isa = PBXBuildFile; fileRef = B20101CA23C842900083B675 /* Preview Assets.xcassets */; };
		B20101CE23C842900083B675 /* LaunchScreen.storyboard in Resources */ = {isa = PBXBuildFile; fileRef = B20101CC23C842900083B675 /* LaunchScreen.storyboard */; };
		B205A0D523D77F2000F8E1AD /* MainView.swift in Sources */ = {isa = PBXBuildFile; fileRef = B205A0D423D77F2000F8E1AD /* MainView.swift */; };
		B205A0D723D79EE400F8E1AD /* FBLoginContainer.swift in Sources */ = {isa = PBXBuildFile; fileRef = B205A0D623D79EE400F8E1AD /* FBLoginContainer.swift */; };
		B205A0DB23D7AF4E00F8E1AD /* LoadableImage.swift in Sources */ = {isa = PBXBuildFile; fileRef = B205A0DA23D7AF4E00F8E1AD /* LoadableImage.swift */; };
		B205A0DD23D7B0C600F8E1AD /* FriendFeed.swift in Sources */ = {isa = PBXBuildFile; fileRef = B205A0DC23D7B0C600F8E1AD /* FriendFeed.swift */; };
		B29EEA2B23C84E4A003247FD /* GoogleService-Info.plist in Resources */ = {isa = PBXBuildFile; fileRef = B29EEA2A23C84E4A003247FD /* GoogleService-Info.plist */; };
		CB5363FCC2F63E3CC93B8391 /* Pods_wakey.framework in Frameworks */ = {isa = PBXBuildFile; fileRef = D61AF390709FCA59EF3F2F7E /* Pods_wakey.framework */; };
/* End PBXBuildFile section */

/* Begin PBXFileReference section */
		0BE8221078D98279CE657E79 /* Pods-wakey.debug.xcconfig */ = {isa = PBXFileReference; includeInIndex = 1; lastKnownFileType = text.xcconfig; name = "Pods-wakey.debug.xcconfig"; path = "Target Support Files/Pods-wakey/Pods-wakey.debug.xcconfig"; sourceTree = "<group>"; };
		ABE1DC5214E325BEE15E9290 /* Pods-wakey.release.xcconfig */ = {isa = PBXFileReference; includeInIndex = 1; lastKnownFileType = text.xcconfig; name = "Pods-wakey.release.xcconfig"; path = "Target Support Files/Pods-wakey/Pods-wakey.release.xcconfig"; sourceTree = "<group>"; };
		B20101BE23C8428E0083B675 /* wakey.app */ = {isa = PBXFileReference; explicitFileType = wrapper.application; includeInIndex = 0; path = wakey.app; sourceTree = BUILT_PRODUCTS_DIR; };
		B20101C123C8428E0083B675 /* AppDelegate.swift */ = {isa = PBXFileReference; lastKnownFileType = sourcecode.swift; path = AppDelegate.swift; sourceTree = "<group>"; };
		B20101C323C8428E0083B675 /* SceneDelegate.swift */ = {isa = PBXFileReference; lastKnownFileType = sourcecode.swift; path = SceneDelegate.swift; sourceTree = "<group>"; };
		B20101C523C8428E0083B675 /* ContentView.swift */ = {isa = PBXFileReference; lastKnownFileType = sourcecode.swift; path = ContentView.swift; sourceTree = "<group>"; };
		B20101C723C842900083B675 /* Assets.xcassets */ = {isa = PBXFileReference; lastKnownFileType = folder.assetcatalog; path = Assets.xcassets; sourceTree = "<group>"; };
		B20101CA23C842900083B675 /* Preview Assets.xcassets */ = {isa = PBXFileReference; lastKnownFileType = folder.assetcatalog; path = "Preview Assets.xcassets"; sourceTree = "<group>"; };
		B20101CD23C842900083B675 /* Base */ = {isa = PBXFileReference; lastKnownFileType = file.storyboard; name = Base; path = Base.lproj/LaunchScreen.storyboard; sourceTree = "<group>"; };
		B20101CF23C842900083B675 /* Info.plist */ = {isa = PBXFileReference; lastKnownFileType = text.plist.xml; path = Info.plist; sourceTree = "<group>"; };
		B205A0D423D77F2000F8E1AD /* MainView.swift */ = {isa = PBXFileReference; lastKnownFileType = sourcecode.swift; path = MainView.swift; sourceTree = "<group>"; };
		B205A0D623D79EE400F8E1AD /* FBLoginContainer.swift */ = {isa = PBXFileReference; lastKnownFileType = sourcecode.swift; path = FBLoginContainer.swift; sourceTree = "<group>"; };
		B205A0DA23D7AF4E00F8E1AD /* LoadableImage.swift */ = {isa = PBXFileReference; lastKnownFileType = sourcecode.swift; path = LoadableImage.swift; sourceTree = "<group>"; };
		B205A0DC23D7B0C600F8E1AD /* FriendFeed.swift */ = {isa = PBXFileReference; lastKnownFileType = sourcecode.swift; path = FriendFeed.swift; sourceTree = "<group>"; };
		B29EEA2A23C84E4A003247FD /* GoogleService-Info.plist */ = {isa = PBXFileReference; fileEncoding = 4; lastKnownFileType = text.plist.xml; path = "GoogleService-Info.plist"; sourceTree = "<group>"; };
		D61AF390709FCA59EF3F2F7E /* Pods_wakey.framework */ = {isa = PBXFileReference; explicitFileType = wrapper.framework; includeInIndex = 0; path = Pods_wakey.framework; sourceTree = BUILT_PRODUCTS_DIR; };
/* End PBXFileReference section */

/* Begin PBXFrameworksBuildPhase section */
		B20101BB23C8428E0083B675 /* Frameworks */ = {
			isa = PBXFrameworksBuildPhase;
			buildActionMask = 2147483647;
			files = (
				CB5363FCC2F63E3CC93B8391 /* Pods_wakey.framework in Frameworks */,
			);
			runOnlyForDeploymentPostprocessing = 0;
		};
/* End PBXFrameworksBuildPhase section */

/* Begin PBXGroup section */
		25A027FED0C3D1563B5DD3C7 /* Pods */ = {
			isa = PBXGroup;
			children = (
				0BE8221078D98279CE657E79 /* Pods-wakey.debug.xcconfig */,
				ABE1DC5214E325BEE15E9290 /* Pods-wakey.release.xcconfig */,
			);
			path = Pods;
			sourceTree = "<group>";
		};
		B20101B523C8428E0083B675 = {
			isa = PBXGroup;
			children = (
				B20101C023C8428E0083B675 /* wakey */,
				B20101BF23C8428E0083B675 /* Products */,
				25A027FED0C3D1563B5DD3C7 /* Pods */,
				C3EDC0BB9D2E86618E0FA5D6 /* Frameworks */,
			);
			indentWidth = 4;
			sourceTree = "<group>";
			tabWidth = 4;
		};
		B20101BF23C8428E0083B675 /* Products */ = {
			isa = PBXGroup;
			children = (
				B20101BE23C8428E0083B675 /* wakey.app */,
			);
			name = Products;
			sourceTree = "<group>";
		};
		B20101C023C8428E0083B675 /* wakey */ = {
			isa = PBXGroup;
			children = (
				B29EEA2A23C84E4A003247FD /* GoogleService-Info.plist */,
				B20101C123C8428E0083B675 /* AppDelegate.swift */,
				B20101C323C8428E0083B675 /* SceneDelegate.swift */,
				B205A0D423D77F2000F8E1AD /* MainView.swift */,
				B205A0DC23D7B0C600F8E1AD /* FriendFeed.swift */,
				B205A0D623D79EE400F8E1AD /* FBLoginContainer.swift */,
				B20101C523C8428E0083B675 /* ContentView.swift */,
				B20101C723C842900083B675 /* Assets.xcassets */,
				B20101CC23C842900083B675 /* LaunchScreen.storyboard */,
				B20101CF23C842900083B675 /* Info.plist */,
				B20101C923C842900083B675 /* Preview Content */,
				B205A0DA23D7AF4E00F8E1AD /* LoadableImage.swift */,
			);
			path = wakey;
			sourceTree = "<group>";
		};
		B20101C923C842900083B675 /* Preview Content */ = {
			isa = PBXGroup;
			children = (
				B20101CA23C842900083B675 /* Preview Assets.xcassets */,
			);
			path = "Preview Content";
			sourceTree = "<group>";
		};
		C3EDC0BB9D2E86618E0FA5D6 /* Frameworks */ = {
			isa = PBXGroup;
			children = (
				D61AF390709FCA59EF3F2F7E /* Pods_wakey.framework */,
			);
			name = Frameworks;
			sourceTree = "<group>";
		};
/* End PBXGroup section */

/* Begin PBXNativeTarget section */
		B20101BD23C8428E0083B675 /* wakey */ = {
			isa = PBXNativeTarget;
			buildConfigurationList = B20101D223C842900083B675 /* Build configuration list for PBXNativeTarget "wakey" */;
			buildPhases = (
				33AE5544B05A63858C63E31E /* [CP] Check Pods Manifest.lock */,
				B20101BA23C8428E0083B675 /* Sources */,
				B20101BB23C8428E0083B675 /* Frameworks */,
				B20101BC23C8428E0083B675 /* Resources */,
				32907FA98F9866ADB3BEC725 /* [CP] Embed Pods Frameworks */,
			);
			buildRules = (
			);
			dependencies = (
			);
			name = wakey;
			productName = wakey;
			productReference = B20101BE23C8428E0083B675 /* wakey.app */;
			productType = "com.apple.product-type.application";
		};
/* End PBXNativeTarget section */

/* Begin PBXProject section */
		B20101B623C8428E0083B675 /* Project object */ = {
			isa = PBXProject;
			attributes = {
				LastSwiftUpdateCheck = 1110;
				LastUpgradeCheck = 1110;
				ORGANIZATIONNAME = js;
				TargetAttributes = {
					B20101BD23C8428E0083B675 = {
						CreatedOnToolsVersion = 11.1;
					};
				};
			};
			buildConfigurationList = B20101B923C8428E0083B675 /* Build configuration list for PBXProject "wakey" */;
			compatibilityVersion = "Xcode 9.3";
			developmentRegion = en;
			hasScannedForEncodings = 0;
			knownRegions = (
				en,
				Base,
			);
			mainGroup = B20101B523C8428E0083B675;
			productRefGroup = B20101BF23C8428E0083B675 /* Products */;
			projectDirPath = "";
			projectRoot = "";
			targets = (
				B20101BD23C8428E0083B675 /* wakey */,
			);
		};
/* End PBXProject section */

/* Begin PBXResourcesBuildPhase section */
		B20101BC23C8428E0083B675 /* Resources */ = {
			isa = PBXResourcesBuildPhase;
			buildActionMask = 2147483647;
			files = (
				B20101CE23C842900083B675 /* LaunchScreen.storyboard in Resources */,
				B20101CB23C842900083B675 /* Preview Assets.xcassets in Resources */,
				B20101C823C842900083B675 /* Assets.xcassets in Resources */,
				B29EEA2B23C84E4A003247FD /* GoogleService-Info.plist in Resources */,
			);
			runOnlyForDeploymentPostprocessing = 0;
		};
/* End PBXResourcesBuildPhase section */

/* Begin PBXShellScriptBuildPhase section */
		32907FA98F9866ADB3BEC725 /* [CP] Embed Pods Frameworks */ = {
			isa = PBXShellScriptBuildPhase;
			buildActionMask = 2147483647;
			files = (
			);
			inputFileListPaths = (
				"${PODS_ROOT}/Target Support Files/Pods-wakey/Pods-wakey-frameworks-${CONFIGURATION}-input-files.xcfilelist",
			);
			name = "[CP] Embed Pods Frameworks";
			outputFileListPaths = (
				"${PODS_ROOT}/Target Support Files/Pods-wakey/Pods-wakey-frameworks-${CONFIGURATION}-output-files.xcfilelist",
			);
			runOnlyForDeploymentPostprocessing = 0;
			shellPath = /bin/sh;
			shellScript = "\"${PODS_ROOT}/Target Support Files/Pods-wakey/Pods-wakey-frameworks.sh\"\n";
			showEnvVarsInLog = 0;
		};
		33AE5544B05A63858C63E31E /* [CP] Check Pods Manifest.lock */ = {
			isa = PBXShellScriptBuildPhase;
			buildActionMask = 2147483647;
			files = (
			);
			inputFileListPaths = (
			);
			inputPaths = (
				"${PODS_PODFILE_DIR_PATH}/Podfile.lock",
				"${PODS_ROOT}/Manifest.lock",
			);
			name = "[CP] Check Pods Manifest.lock";
			outputFileListPaths = (
			);
			outputPaths = (
				"$(DERIVED_FILE_DIR)/Pods-wakey-checkManifestLockResult.txt",
			);
			runOnlyForDeploymentPostprocessing = 0;
			shellPath = /bin/sh;
			shellScript = "diff \"${PODS_PODFILE_DIR_PATH}/Podfile.lock\" \"${PODS_ROOT}/Manifest.lock\" > /dev/null\nif [ $? != 0 ] ; then\n    # print error to STDERR\n    echo \"error: The sandbox is not in sync with the Podfile.lock. Run 'pod install' or update your CocoaPods installation.\" >&2\n    exit 1\nfi\n# This output is used by Xcode 'outputs' to avoid re-running this script phase.\necho \"SUCCESS\" > \"${SCRIPT_OUTPUT_FILE_0}\"\n";
			showEnvVarsInLog = 0;
		};
/* End PBXShellScriptBuildPhase section */

/* Begin PBXSourcesBuildPhase section */
		B20101BA23C8428E0083B675 /* Sources */ = {
			isa = PBXSourcesBuildPhase;
			buildActionMask = 2147483647;
			files = (
				B205A0D523D77F2000F8E1AD /* MainView.swift in Sources */,
				B205A0DD23D7B0C600F8E1AD /* FriendFeed.swift in Sources */,
				B20101C223C8428E0083B675 /* AppDelegate.swift in Sources */,
				B205A0D723D79EE400F8E1AD /* FBLoginContainer.swift in Sources */,
				B205A0DB23D7AF4E00F8E1AD /* LoadableImage.swift in Sources */,
				B20101C423C8428E0083B675 /* SceneDelegate.swift in Sources */,
				B20101C623C8428E0083B675 /* ContentView.swift in Sources */,
			);
			runOnlyForDeploymentPostprocessing = 0;
		};
/* End PBXSourcesBuildPhase section */

/* Begin PBXVariantGroup section */
		B20101CC23C842900083B675 /* LaunchScreen.storyboard */ = {
			isa = PBXVariantGroup;
			children = (
				B20101CD23C842900083B675 /* Base */,
			);
			name = LaunchScreen.storyboard;
			sourceTree = "<group>";
		};
/* End PBXVariantGroup section */

/* Begin XCBuildConfiguration section */
		B20101D023C842900083B675 /* Debug */ = {
			isa = XCBuildConfiguration;
			buildSettings = {
				ALWAYS_SEARCH_USER_PATHS = NO;
				CLANG_ANALYZER_NONNULL = YES;
				CLANG_ANALYZER_NUMBER_OBJECT_CONVERSION = YES_AGGRESSIVE;
				CLANG_CXX_LANGUAGE_STANDARD = "gnu++14";
				CLANG_CXX_LIBRARY = "libc++";
				CLANG_ENABLE_MODULES = YES;
				CLANG_ENABLE_OBJC_ARC = YES;
				CLANG_ENABLE_OBJC_WEAK = YES;
				CLANG_WARN_BLOCK_CAPTURE_AUTORELEASING = YES;
				CLANG_WARN_BOOL_CONVERSION = YES;
				CLANG_WARN_COMMA = YES;
				CLANG_WARN_CONSTANT_CONVERSION = YES;
				CLANG_WARN_DEPRECATED_OBJC_IMPLEMENTATIONS = YES;
				CLANG_WARN_DIRECT_OBJC_ISA_USAGE = YES_ERROR;
				CLANG_WARN_DOCUMENTATION_COMMENTS = YES;
				CLANG_WARN_EMPTY_BODY = YES;
				CLANG_WARN_ENUM_CONVERSION = YES;
				CLANG_WARN_INFINITE_RECURSION = YES;
				CLANG_WARN_INT_CONVERSION = YES;
				CLANG_WARN_NON_LITERAL_NULL_CONVERSION = YES;
				CLANG_WARN_OBJC_IMPLICIT_RETAIN_SELF = YES;
				CLANG_WARN_OBJC_LITERAL_CONVERSION = YES;
				CLANG_WARN_OBJC_ROOT_CLASS = YES_ERROR;
				CLANG_WARN_RANGE_LOOP_ANALYSIS = YES;
				CLANG_WARN_STRICT_PROTOTYPES = YES;
				CLANG_WARN_SUSPICIOUS_MOVE = YES;
				CLANG_WARN_UNGUARDED_AVAILABILITY = YES_AGGRESSIVE;
				CLANG_WARN_UNREACHABLE_CODE = YES;
				CLANG_WARN__DUPLICATE_METHOD_MATCH = YES;
				COPY_PHASE_STRIP = NO;
				DEBUG_INFORMATION_FORMAT = dwarf;
				ENABLE_STRICT_OBJC_MSGSEND = YES;
				ENABLE_TESTABILITY = YES;
				GCC_C_LANGUAGE_STANDARD = gnu11;
				GCC_DYNAMIC_NO_PIC = NO;
				GCC_NO_COMMON_BLOCKS = YES;
				GCC_OPTIMIZATION_LEVEL = 0;
				GCC_PREPROCESSOR_DEFINITIONS = (
					"DEBUG=1",
					"$(inherited)",
				);
				GCC_WARN_64_TO_32_BIT_CONVERSION = YES;
				GCC_WARN_ABOUT_RETURN_TYPE = YES_ERROR;
				GCC_WARN_UNDECLARED_SELECTOR = YES;
				GCC_WARN_UNINITIALIZED_AUTOS = YES_AGGRESSIVE;
				GCC_WARN_UNUSED_FUNCTION = YES;
				GCC_WARN_UNUSED_VARIABLE = YES;
				IPHONEOS_DEPLOYMENT_TARGET = 13.1;
				MTL_ENABLE_DEBUG_INFO = INCLUDE_SOURCE;
				MTL_FAST_MATH = YES;
				ONLY_ACTIVE_ARCH = YES;
				SDKROOT = iphoneos;
				SWIFT_ACTIVE_COMPILATION_CONDITIONS = DEBUG;
				SWIFT_OPTIMIZATION_LEVEL = "-Onone";
			};
			name = Debug;
		};
		B20101D123C842900083B675 /* Release */ = {
			isa = XCBuildConfiguration;
			buildSettings = {
				ALWAYS_SEARCH_USER_PATHS = NO;
				CLANG_ANALYZER_NONNULL = YES;
				CLANG_ANALYZER_NUMBER_OBJECT_CONVERSION = YES_AGGRESSIVE;
				CLANG_CXX_LANGUAGE_STANDARD = "gnu++14";
				CLANG_CXX_LIBRARY = "libc++";
				CLANG_ENABLE_MODULES = YES;
				CLANG_ENABLE_OBJC_ARC = YES;
				CLANG_ENABLE_OBJC_WEAK = YES;
				CLANG_WARN_BLOCK_CAPTURE_AUTORELEASING = YES;
				CLANG_WARN_BOOL_CONVERSION = YES;
				CLANG_WARN_COMMA = YES;
				CLANG_WARN_CONSTANT_CONVERSION = YES;
				CLANG_WARN_DEPRECATED_OBJC_IMPLEMENTATIONS = YES;
				CLANG_WARN_DIRECT_OBJC_ISA_USAGE = YES_ERROR;
				CLANG_WARN_DOCUMENTATION_COMMENTS = YES;
				CLANG_WARN_EMPTY_BODY = YES;
				CLANG_WARN_ENUM_CONVERSION = YES;
				CLANG_WARN_INFINITE_RECURSION = YES;
				CLANG_WARN_INT_CONVERSION = YES;
				CLANG_WARN_NON_LITERAL_NULL_CONVERSION = YES;
				CLANG_WARN_OBJC_IMPLICIT_RETAIN_SELF = YES;
				CLANG_WARN_OBJC_LITERAL_CONVERSION = YES;
				CLANG_WARN_OBJC_ROOT_CLASS = YES_ERROR;
				CLANG_WARN_RANGE_LOOP_ANALYSIS = YES;
				CLANG_WARN_STRICT_PROTOTYPES = YES;
				CLANG_WARN_SUSPICIOUS_MOVE = YES;
				CLANG_WARN_UNGUARDED_AVAILABILITY = YES_AGGRESSIVE;
				CLANG_WARN_UNREACHABLE_CODE = YES;
				CLANG_WARN__DUPLICATE_METHOD_MATCH = YES;
				COPY_PHASE_STRIP = NO;
				DEBUG_INFORMATION_FORMAT = "dwarf-with-dsym";
				ENABLE_NS_ASSERTIONS = NO;
				ENABLE_STRICT_OBJC_MSGSEND = YES;
				GCC_C_LANGUAGE_STANDARD = gnu11;
				GCC_NO_COMMON_BLOCKS = YES;
				GCC_WARN_64_TO_32_BIT_CONVERSION = YES;
				GCC_WARN_ABOUT_RETURN_TYPE = YES_ERROR;
				GCC_WARN_UNDECLARED_SELECTOR = YES;
				GCC_WARN_UNINITIALIZED_AUTOS = YES_AGGRESSIVE;
				GCC_WARN_UNUSED_FUNCTION = YES;
				GCC_WARN_UNUSED_VARIABLE = YES;
				IPHONEOS_DEPLOYMENT_TARGET = 13.1;
				MTL_ENABLE_DEBUG_INFO = NO;
				MTL_FAST_MATH = YES;
				SDKROOT = iphoneos;
				SWIFT_COMPILATION_MODE = wholemodule;
				SWIFT_OPTIMIZATION_LEVEL = "-O";
				VALIDATE_PRODUCT = YES;
			};
			name = Release;
		};
		B20101D323C842900083B675 /* Debug */ = {
			isa = XCBuildConfiguration;
			baseConfigurationReference = 0BE8221078D98279CE657E79 /* Pods-wakey.debug.xcconfig */;
			buildSettings = {
				ASSETCATALOG_COMPILER_APPICON_NAME = AppIcon;
				CODE_SIGN_STYLE = Automatic;
				DEVELOPMENT_ASSET_PATHS = "\"wakey/Preview Content\"";
				DEVELOPMENT_TEAM = T897F5SP8B;
				ENABLE_PREVIEWS = YES;
				INFOPLIST_FILE = wakey/Info.plist;
				LD_RUNPATH_SEARCH_PATHS = (
					"$(inherited)",
					"@executable_path/Frameworks",
				);
				PRODUCT_BUNDLE_IDENTIFIER = js.wakey;
				PRODUCT_NAME = "$(TARGET_NAME)";
				SWIFT_VERSION = 5.0;
				TARGETED_DEVICE_FAMILY = "1,2";
			};
			name = Debug;
		};
		B20101D423C842900083B675 /* Release */ = {
			isa = XCBuildConfiguration;
			baseConfigurationReference = ABE1DC5214E325BEE15E9290 /* Pods-wakey.release.xcconfig */;
			buildSettings = {
				ASSETCATALOG_COMPILER_APPICON_NAME = AppIcon;
				CODE_SIGN_STYLE = Automatic;
				DEVELOPMENT_ASSET_PATHS = "\"wakey/Preview Content\"";
				DEVELOPMENT_TEAM = T897F5SP8B;
				ENABLE_PREVIEWS = YES;
				INFOPLIST_FILE = wakey/Info.plist;
				LD_RUNPATH_SEARCH_PATHS = (
					"$(inherited)",
					"@executable_path/Frameworks",
				);
				PRODUCT_BUNDLE_IDENTIFIER = js.wakey;
				PRODUCT_NAME = "$(TARGET_NAME)";
				SWIFT_VERSION = 5.0;
				TARGETED_DEVICE_FAMILY = "1,2";
			};
			name = Release;
		};
/* End XCBuildConfiguration section */

/* Begin XCConfigurationList section */
		B20101B923C8428E0083B675 /* Build configuration list for PBXProject "wakey" */ = {
			isa = XCConfigurationList;
			buildConfigurations = (
				B20101D023C842900083B675 /* Debug */,
				B20101D123C842900083B675 /* Release */,
			);
			defaultConfigurationIsVisible = 0;
			defaultConfigurationName = Release;
		};
		B20101D223C842900083B675 /* Build configuration list for PBXNativeTarget "wakey" */ = {
			isa = XCConfigurationList;
			buildConfigurations = (
				B20101D323C842900083B675 /* Debug */,
				B20101D423C842900083B675 /* Release */,
			);
			defaultConfigurationIsVisible = 0;
			defaultConfigurationName = Release;
		};
/* End XCConfigurationList section */
	};
	rootObject = B20101B623C8428E0083B675 /* Project object */;
}
